
Microsoft Visual Studio Solution File, Format Version 12.00
# Visual Studio 15
VisualStudioVersion = 15.0.28010.2046
MinimumVisualStudioVersion = 10.0.40219.1
Project("{9A19103F-16F7-4668-BE54-9A1E7A4F7556}") = "DevConf", "DevConf.csproj", "{2DC54686-6DA6-4B86-8D73-E9079339F2BB}"
EndProject
Global
	GlobalSection(SolutionConfigurationPlatforms) = preSolution
		Debug|Any CPU = Debug|Any CPU
		Release|Any CPU = Release|Any CPU
	EndGlobalSection
	GlobalSection(ProjectConfigurationPlatforms) = postSolution
		{2DC54686-6DA6-4B86-8D73-E9079339F2BB}.Debug|Any CPU.ActiveCfg = Debug|Any CPU
		{2DC54686-6DA6-4B86-8D73-E9079339F2BB}.Debug|Any CPU.Build.0 = Debug|Any CPU
		{2DC54686-6DA6-4B86-8D73-E9079339F2BB}.Release|Any CPU.ActiveCfg = Release|Any CPU
		{2DC54686-6DA6-4B86-8D73-E9079339F2BB}.Release|Any CPU.Build.0 = Release|Any CPU
	EndGlobalSection
	GlobalSection(SolutionProperties) = preSolution
		HideSolutionNode = FALSE
	EndGlobalSection
	GlobalSection(ExtensibilityGlobals) = postSolution
		SolutionGuid = {BFCD20AC-1DA8-4124-B0B0-38A9FDA05E7C}
	EndGlobalSection
EndGlobal
